
Microsoft Visual Studio Solution File, Format Version 12.00
# Visual Studio Version 17
VisualStudioVersion = 17.14.36408.4
MinimumVisualStudioVersion = 10.0.40219.1
Project("{FAE04EC0-301F-11D3-BF4B-00C04F79EFBC}") = "PROYECTO_RIEGO_AUTOMATICO", "PROYECTO_RIEGO_AUTOMATICO\PROYECTO_RIEGO_AUTOMATICO.csproj", "{9E5AC3EA-418D-497D-AAA9-D7D0BBBA6339}"
EndProject
Project("{FAE04EC0-301F-11D3-BF4B-00C04F79EFBC}") = "DAL", "DAL\DAL.csproj", "{878A51B6-9997-4FE7-9ECF-CADC6EF03B12}"
EndProject
Project("{FAE04EC0-301F-11D3-BF4B-00C04F79EFBC}") = "BLL", "BLL\BLL.csproj", "{41DB328A-B378-45E4-A973-9843C7FD2D90}"
EndProject
Project("{FAE04EC0-301F-11D3-BF4B-00C04F79EFBC}") = "ENTITY", "ENTITY\ENTITY.csproj", "{43D559A7-7DD0-460F-A823-17589FB6D509}"
EndProject
Global
	GlobalSection(SolutionConfigurationPlatforms) = preSolution
		Debug|Any CPU = Debug|Any CPU
		Release|Any CPU = Release|Any CPU
	EndGlobalSection
	GlobalSection(ProjectConfigurationPlatforms) = postSolution
		{9E5AC3EA-418D-497D-AAA9-D7D0BBBA6339}.Debug|Any CPU.ActiveCfg = Debug|Any CPU
		{9E5AC3EA-418D-497D-AAA9-D7D0BBBA6339}.Debug|Any CPU.Build.0 = Debug|Any CPU
		{9E5AC3EA-418D-497D-AAA9-D7D0BBBA6339}.Release|Any CPU.ActiveCfg = Release|Any CPU
		{9E5AC3EA-418D-497D-AAA9-D7D0BBBA6339}.Release|Any CPU.Build.0 = Release|Any CPU
		{878A51B6-9997-4FE7-9ECF-CADC6EF03B12}.Debug|Any CPU.ActiveCfg = Debug|Any CPU
		{878A51B6-9997-4FE7-9ECF-CADC6EF03B12}.Debug|Any CPU.Build.0 = Debug|Any CPU
		{878A51B6-9997-4FE7-9ECF-CADC6EF03B12}.Release|Any CPU.ActiveCfg = Release|Any CPU
		{878A51B6-9997-4FE7-9ECF-CADC6EF03B12}.Release|Any CPU.Build.0 = Release|Any CPU
		{41DB328A-B378-45E4-A973-9843C7FD2D90}.Debug|Any CPU.ActiveCfg = Debug|Any CPU
		{41DB328A-B378-45E4-A973-9843C7FD2D90}.Debug|Any CPU.Build.0 = Debug|Any CPU
		{41DB328A-B378-45E4-A973-9843C7FD2D90}.Release|Any CPU.ActiveCfg = Release|Any CPU
		{41DB328A-B378-45E4-A973-9843C7FD2D90}.Release|Any CPU.Build.0 = Release|Any CPU
		{43D559A7-7DD0-460F-A823-17589FB6D509}.Debug|Any CPU.ActiveCfg = Debug|Any CPU
		{43D559A7-7DD0-460F-A823-17589FB6D509}.Debug|Any CPU.Build.0 = Debug|Any CPU
		{43D559A7-7DD0-460F-A823-17589FB6D509}.Release|Any CPU.ActiveCfg = Release|Any CPU
		{43D559A7-7DD0-460F-A823-17589FB6D509}.Release|Any CPU.Build.0 = Release|Any CPU
	EndGlobalSection
	GlobalSection(SolutionProperties) = preSolution
		HideSolutionNode = FALSE
	EndGlobalSection
	GlobalSection(ExtensibilityGlobals) = postSolution
		SolutionGuid = {8C285171-E748-4567-A71B-4ECF8010DFE4}
	EndGlobalSection
EndGlobal
